PODS:
  - R.swift (4.0.0):
    - R.swift.Library (~> 4.0.0)
  - R.swift.Library (4.0.0)
  - SampleCocoapodUsingRSwift (0.1.0):
    - R.swift

DEPENDENCIES:
  - SampleCocoapodUsingRSwift (from `../`)

SPEC REPOS:
  https://github.com/cocoapods/specs.git:
    - R.swift
    - R.swift.Library

EXTERNAL SOURCES:
  SampleCocoapodUsingRSwift:
    :path: "../"

SPEC CHECKSUMS:
  R.swift: d6a5ec2f55a8441dc0ed9f1f8b37d7d11ae85c66
  R.swift.Library: c3af34921024333546e23b70e70d0b4e0cffca75
  SampleCocoapodUsingRSwift: 68db90381cd1656ab060f074e87ef020147e1723

PODFILE CHECKSUM: 039ffa4deff553f2ec1a2164a2936438493204cb

COCOAPODS: 1.5.3
